
Microsoft Visual Studio Solution File, Format Version 12.00
# Visual Studio Version 16
VisualStudioVersion = 16.0.32002.261
MinimumVisualStudioVersion = 10.0.40219.1
Project("{FAE04EC0-301F-11D3-BF4B-00C04F79EFBC}") = "Business", "Business\Business.csproj", "{AF98BD5D-2102-4252-B46F-EB8EC460A4E5}"
EndProject
Project("{FAE04EC0-301F-11D3-BF4B-00C04F79EFBC}") = "DataAccess", "DataAccess\DataAccess.csproj", "{8755ECCE-58FC-41B1-85B4-3035DF46B64D}"
EndProject
Project("{FAE04EC0-301F-11D3-BF4B-00C04F79EFBC}") = "Entities", "Entities\Entities.csproj", "{6F1C21D1-4B2D-4DC1-AA21-AE3D54F81031}"
EndProject
Project("{FAE04EC0-301F-11D3-BF4B-00C04F79EFBC}") = "Core", "Core\Core.csproj", "{7283C407-8B5A-4F54-AB84-0B7F1FF21326}"
EndProject
Project("{FAE04EC0-301F-11D3-BF4B-00C04F79EFBC}") = "WebAPI", "WebAPI\WebAPI.csproj", "{D28DC9BF-549E-42F1-99E5-1B3E36708705}"
EndProject
Global
	GlobalSection(SolutionConfigurationPlatforms) = preSolution
		Debug|Any CPU = Debug|Any CPU
		Release|Any CPU = Release|Any CPU
	EndGlobalSection
	GlobalSection(ProjectConfigurationPlatforms) = postSolution
		{AF98BD5D-2102-4252-B46F-EB8EC460A4E5}.Debug|Any CPU.ActiveCfg = Debug|Any CPU
		{AF98BD5D-2102-4252-B46F-EB8EC460A4E5}.Debug|Any CPU.Build.0 = Debug|Any CPU
		{AF98BD5D-2102-4252-B46F-EB8EC460A4E5}.Release|Any CPU.ActiveCfg = Release|Any CPU
		{AF98BD5D-2102-4252-B46F-EB8EC460A4E5}.Release|Any CPU.Build.0 = Release|Any CPU
		{8755ECCE-58FC-41B1-85B4-3035DF46B64D}.Debug|Any CPU.ActiveCfg = Debug|Any CPU
		{8755ECCE-58FC-41B1-85B4-3035DF46B64D}.Debug|Any CPU.Build.0 = Debug|Any CPU
		{8755ECCE-58FC-41B1-85B4-3035DF46B64D}.Release|Any CPU.ActiveCfg = Release|Any CPU
		{8755ECCE-58FC-41B1-85B4-3035DF46B64D}.Release|Any CPU.Build.0 = Release|Any CPU
		{6F1C21D1-4B2D-4DC1-AA21-AE3D54F81031}.Debug|Any CPU.ActiveCfg = Debug|Any CPU
		{6F1C21D1-4B2D-4DC1-AA21-AE3D54F81031}.Debug|Any CPU.Build.0 = Debug|Any CPU
		{6F1C21D1-4B2D-4DC1-AA21-AE3D54F81031}.Release|Any CPU.ActiveCfg = Release|Any CPU
		{6F1C21D1-4B2D-4DC1-AA21-AE3D54F81031}.Release|Any CPU.Build.0 = Release|Any CPU
		{7283C407-8B5A-4F54-AB84-0B7F1FF21326}.Debug|Any CPU.ActiveCfg = Debug|Any CPU
		{7283C407-8B5A-4F54-AB84-0B7F1FF21326}.Debug|Any CPU.Build.0 = Debug|Any CPU
		{7283C407-8B5A-4F54-AB84-0B7F1FF21326}.Release|Any CPU.ActiveCfg = Release|Any CPU
		{7283C407-8B5A-4F54-AB84-0B7F1FF21326}.Release|Any CPU.Build.0 = Release|Any CPU
		{D28DC9BF-549E-42F1-99E5-1B3E36708705}.Debug|Any CPU.ActiveCfg = Debug|Any CPU
		{D28DC9BF-549E-42F1-99E5-1B3E36708705}.Debug|Any CPU.Build.0 = Debug|Any CPU
		{D28DC9BF-549E-42F1-99E5-1B3E36708705}.Release|Any CPU.ActiveCfg = Release|Any CPU
		{D28DC9BF-549E-42F1-99E5-1B3E36708705}.Release|Any CPU.Build.0 = Release|Any CPU
	EndGlobalSection
	GlobalSection(SolutionProperties) = preSolution
		HideSolutionNode = FALSE
	EndGlobalSection
	GlobalSection(ExtensibilityGlobals) = postSolution
		SolutionGuid = {F27B2A68-69EE-4261-BF50-BD509C14D666}
	EndGlobalSection
EndGlobal
